
Microsoft Visual Studio Solution File, Format Version 12.00
# Visual Studio Version 17
VisualStudioVersion = 17.14.36203.30 d17.14
MinimumVisualStudioVersion = 10.0.40219.1
Project("{FAE04EC0-301F-11D3-BF4B-00C04F79EFBC}") = "Starwars.App.Api", "Starwars.App.Api\Starwars.App.Api.csproj", "{EC26E126-2A6E-4D09-96F7-9328288E7805}"
EndProject
Project("{FAE04EC0-301F-11D3-BF4B-00C04F79EFBC}") = "Starwars.App.Auth", "Starwars.App.Auth\Starwars.App.Auth.csproj", "{2BBB4208-E516-44C4-AB27-D9DACDC36776}"
EndProject
Global
	GlobalSection(SolutionConfigurationPlatforms) = preSolution
		Debug|Any CPU = Debug|Any CPU
		Release|Any CPU = Release|Any CPU
	EndGlobalSection
	GlobalSection(ProjectConfigurationPlatforms) = postSolution
		{EC26E126-2A6E-4D09-96F7-9328288E7805}.Debug|Any CPU.ActiveCfg = Debug|Any CPU
		{EC26E126-2A6E-4D09-96F7-9328288E7805}.Debug|Any CPU.Build.0 = Debug|Any CPU
		{EC26E126-2A6E-4D09-96F7-9328288E7805}.Release|Any CPU.ActiveCfg = Release|Any CPU
		{EC26E126-2A6E-4D09-96F7-9328288E7805}.Release|Any CPU.Build.0 = Release|Any CPU
		{2BBB4208-E516-44C4-AB27-D9DACDC36776}.Debug|Any CPU.ActiveCfg = Debug|Any CPU
		{2BBB4208-E516-44C4-AB27-D9DACDC36776}.Debug|Any CPU.Build.0 = Debug|Any CPU
		{2BBB4208-E516-44C4-AB27-D9DACDC36776}.Release|Any CPU.ActiveCfg = Release|Any CPU
		{2BBB4208-E516-44C4-AB27-D9DACDC36776}.Release|Any CPU.Build.0 = Release|Any CPU
	EndGlobalSection
	GlobalSection(SolutionProperties) = preSolution
		HideSolutionNode = FALSE
	EndGlobalSection
	GlobalSection(ExtensibilityGlobals) = postSolution
		SolutionGuid = {62C79A36-9D77-47F1-803E-0B2242268DFF}
	EndGlobalSection
EndGlobal
