
Microsoft Visual Studio Solution File, Format Version 12.00
# Visual Studio Version 17
VisualStudioVersion = 17.14.36109.1 d17.14
MinimumVisualStudioVersion = 10.0.40219.1
Project("{FAE04EC0-301F-11D3-BF4B-00C04F79EFBC}") = "WebApi1", "WebApi1.csproj", "{62A04020-685E-4AF3-AF41-03B3DA97F55F}"
EndProject
Global
	GlobalSection(SolutionConfigurationPlatforms) = preSolution
		Debug|Any CPU = Debug|Any CPU
		Release|Any CPU = Release|Any CPU
	EndGlobalSection
	GlobalSection(ProjectConfigurationPlatforms) = postSolution
		{62A04020-685E-4AF3-AF41-03B3DA97F55F}.Debug|Any CPU.ActiveCfg = Debug|Any CPU
		{62A04020-685E-4AF3-AF41-03B3DA97F55F}.Debug|Any CPU.Build.0 = Debug|Any CPU
		{62A04020-685E-4AF3-AF41-03B3DA97F55F}.Release|Any CPU.ActiveCfg = Release|Any CPU
		{62A04020-685E-4AF3-AF41-03B3DA97F55F}.Release|Any CPU.Build.0 = Release|Any CPU
	EndGlobalSection
	GlobalSection(SolutionProperties) = preSolution
		HideSolutionNode = FALSE
	EndGlobalSection
	GlobalSection(ExtensibilityGlobals) = postSolution
		SolutionGuid = {B2BF3D91-69F2-4799-9811-189925D469CB}
	EndGlobalSection
EndGlobal
